
Microsoft Visual Studio Solution File, Format Version 12.00
# Visual Studio Version 17
VisualStudioVersion = 17.5.33424.131
MinimumVisualStudioVersion = 10.0.40219.1
Project("{FAE04EC0-301F-11D3-BF4B-00C04F79EFBC}") = "P2PVJGGO", "P2PVJGGO\P2PVJGGO.csproj", "{3AE56779-5F05-4A3E-8394-F1F865417415}"
EndProject
Global
	GlobalSection(SolutionConfigurationPlatforms) = preSolution
		Debug|Any CPU = Debug|Any CPU
		Release|Any CPU = Release|Any CPU
	EndGlobalSection
	GlobalSection(ProjectConfigurationPlatforms) = postSolution
		{3AE56779-5F05-4A3E-8394-F1F865417415}.Debug|Any CPU.ActiveCfg = Debug|Any CPU
		{3AE56779-5F05-4A3E-8394-F1F865417415}.Debug|Any CPU.Build.0 = Debug|Any CPU
		{3AE56779-5F05-4A3E-8394-F1F865417415}.Release|Any CPU.ActiveCfg = Release|Any CPU
		{3AE56779-5F05-4A3E-8394-F1F865417415}.Release|Any CPU.Build.0 = Release|Any CPU
	EndGlobalSection
	GlobalSection(SolutionProperties) = preSolution
		HideSolutionNode = FALSE
	EndGlobalSection
	GlobalSection(ExtensibilityGlobals) = postSolution
		SolutionGuid = {5A55C8D1-71A4-4872-836F-DADFB12E030B}
	EndGlobalSection
EndGlobal
